
Microsoft Visual Studio Solution File, Format Version 12.00
# Visual Studio Version 16
VisualStudioVersion = 16.0.30225.117
MinimumVisualStudioVersion = 10.0.40219.1
Project("{FAE04EC0-301F-11D3-BF4B-00C04F79EFBC}") = "nameAndWords", "nameAndWords\nameAndWords.csproj", "{B256AB0D-D4BF-4D0A-9D1D-2B7693149771}"
EndProject
Global
	GlobalSection(SolutionConfigurationPlatforms) = preSolution
		Debug|Any CPU = Debug|Any CPU
		Release|Any CPU = Release|Any CPU
	EndGlobalSection
	GlobalSection(ProjectConfigurationPlatforms) = postSolution
		{B256AB0D-D4BF-4D0A-9D1D-2B7693149771}.Debug|Any CPU.ActiveCfg = Debug|Any CPU
		{B256AB0D-D4BF-4D0A-9D1D-2B7693149771}.Debug|Any CPU.Build.0 = Debug|Any CPU
		{B256AB0D-D4BF-4D0A-9D1D-2B7693149771}.Release|Any CPU.ActiveCfg = Release|Any CPU
		{B256AB0D-D4BF-4D0A-9D1D-2B7693149771}.Release|Any CPU.Build.0 = Release|Any CPU
	EndGlobalSection
	GlobalSection(SolutionProperties) = preSolution
		HideSolutionNode = FALSE
	EndGlobalSection
	GlobalSection(ExtensibilityGlobals) = postSolution
		SolutionGuid = {14A43323-7EC0-4749-903C-270C91F98784}
	EndGlobalSection
EndGlobal
