
Microsoft Visual Studio Solution File, Format Version 12.00
# Visual Studio Version 16
VisualStudioVersion = 16.0.30225.117
MinimumVisualStudioVersion = 10.0.40219.1
Project("{FAE04EC0-301F-11D3-BF4B-00C04F79EFBC}") = "factorial", "factorial\factorial.csproj", "{B25ECBBB-E4B1-4B74-9634-ECEF6A5EE46B}"
EndProject
Global
	GlobalSection(SolutionConfigurationPlatforms) = preSolution
		Debug|Any CPU = Debug|Any CPU
		Release|Any CPU = Release|Any CPU
	EndGlobalSection
	GlobalSection(ProjectConfigurationPlatforms) = postSolution
		{B25ECBBB-E4B1-4B74-9634-ECEF6A5EE46B}.Debug|Any CPU.ActiveCfg = Debug|Any CPU
		{B25ECBBB-E4B1-4B74-9634-ECEF6A5EE46B}.Debug|Any CPU.Build.0 = Debug|Any CPU
		{B25ECBBB-E4B1-4B74-9634-ECEF6A5EE46B}.Release|Any CPU.ActiveCfg = Release|Any CPU
		{B25ECBBB-E4B1-4B74-9634-ECEF6A5EE46B}.Release|Any CPU.Build.0 = Release|Any CPU
	EndGlobalSection
	GlobalSection(SolutionProperties) = preSolution
		HideSolutionNode = FALSE
	EndGlobalSection
	GlobalSection(ExtensibilityGlobals) = postSolution
		SolutionGuid = {4347615B-794A-4255-94C3-1CC7C596F2AD}
	EndGlobalSection
EndGlobal
